
Microsoft Visual Studio Solution File, Format Version 12.00
# Visual Studio Version 17
VisualStudioVersion = 17.8.34511.84
MinimumVisualStudioVersion = 10.0.40219.1
Project("{FAE04EC0-301F-11D3-BF4B-00C04F79EFBC}") = "Server_TCPIP", "Server_TCPIP\Server_TCPIP.csproj", "{73B640E1-E9A3-4707-A5B9-88763D467FD9}"
EndProject
Global
	GlobalSection(SolutionConfigurationPlatforms) = preSolution
		Debug|Any CPU = Debug|Any CPU
		Release|Any CPU = Release|Any CPU
	EndGlobalSection
	GlobalSection(ProjectConfigurationPlatforms) = postSolution
		{73B640E1-E9A3-4707-A5B9-88763D467FD9}.Debug|Any CPU.ActiveCfg = Debug|Any CPU
		{73B640E1-E9A3-4707-A5B9-88763D467FD9}.Debug|Any CPU.Build.0 = Debug|Any CPU
		{73B640E1-E9A3-4707-A5B9-88763D467FD9}.Release|Any CPU.ActiveCfg = Release|Any CPU
		{73B640E1-E9A3-4707-A5B9-88763D467FD9}.Release|Any CPU.Build.0 = Release|Any CPU
	EndGlobalSection
	GlobalSection(SolutionProperties) = preSolution
		HideSolutionNode = FALSE
	EndGlobalSection
	GlobalSection(ExtensibilityGlobals) = postSolution
		SolutionGuid = {47AD04F5-2578-4F39-9998-AB0FB365A7BC}
	EndGlobalSection
EndGlobal
